
Microsoft Visual Studio Solution File, Format Version 12.00
# Visual Studio 2012
Project("{8BC9CEB8-8B4A-11D0-8D11-00A0C91BC942}") = "libuv", "libuv\libuv.vcxproj", "{33066374-88CB-CB8D-15DA-61032886329A}"
EndProject
Project("{8BC9CEB8-8B4A-11D0-8D11-00A0C91BC942}") = "Thrift.Client", "Thrift.Client\Thrift.Client.vcxproj", "{913BAF9A-4614-418E-9A07-32574B239484}"
EndProject
Project("{FAE04EC0-301F-11D3-BF4B-00C04F79EFBC}") = "Thrift.Client.Run", "Thrift.Client.Run\Thrift.Client.Run.csproj", "{45C5C088-9217-4C57-8DF8-B0C6F51962A1}"
EndProject
Project("{FAE04EC0-301F-11D3-BF4B-00C04F79EFBC}") = "Thrift", "thrift\lib\csharp\src\Thrift.csproj", "{499EB63C-D74C-47E8-AE48-A2FC94538E9D}"
EndProject
Project("{FAE04EC0-301F-11D3-BF4B-00C04F79EFBC}") = "Thrift.Server", "Thrift.Server\Thrift.Server.csproj", "{2E7159A3-492C-43CD-9833-7AA95A8FAF4C}"
EndProject
Global
	GlobalSection(SolutionConfigurationPlatforms) = preSolution
		Debug|Any CPU = Debug|Any CPU
		Debug|x64 = Debug|x64
		Release|Any CPU = Release|Any CPU
		Release|x64 = Release|x64
	EndGlobalSection
	GlobalSection(ProjectConfigurationPlatforms) = postSolution
		{33066374-88CB-CB8D-15DA-61032886329A}.Debug|Any CPU.ActiveCfg = Release|x64
		{33066374-88CB-CB8D-15DA-61032886329A}.Debug|Any CPU.Build.0 = Release|x64
		{33066374-88CB-CB8D-15DA-61032886329A}.Debug|x64.ActiveCfg = Debug|x64
		{33066374-88CB-CB8D-15DA-61032886329A}.Debug|x64.Build.0 = Debug|x64
		{33066374-88CB-CB8D-15DA-61032886329A}.Release|Any CPU.ActiveCfg = Release|x64
		{33066374-88CB-CB8D-15DA-61032886329A}.Release|Any CPU.Build.0 = Release|x64
		{33066374-88CB-CB8D-15DA-61032886329A}.Release|x64.ActiveCfg = Release|x64
		{33066374-88CB-CB8D-15DA-61032886329A}.Release|x64.Build.0 = Release|x64
		{913BAF9A-4614-418E-9A07-32574B239484}.Debug|Any CPU.ActiveCfg = Release|x64
		{913BAF9A-4614-418E-9A07-32574B239484}.Debug|Any CPU.Build.0 = Release|x64
		{913BAF9A-4614-418E-9A07-32574B239484}.Debug|x64.ActiveCfg = Debug|x64
		{913BAF9A-4614-418E-9A07-32574B239484}.Debug|x64.Build.0 = Debug|x64
		{913BAF9A-4614-418E-9A07-32574B239484}.Release|Any CPU.ActiveCfg = Release|x64
		{913BAF9A-4614-418E-9A07-32574B239484}.Release|Any CPU.Build.0 = Release|x64
		{913BAF9A-4614-418E-9A07-32574B239484}.Release|x64.ActiveCfg = Release|x64
		{913BAF9A-4614-418E-9A07-32574B239484}.Release|x64.Build.0 = Release|x64
		{45C5C088-9217-4C57-8DF8-B0C6F51962A1}.Debug|Any CPU.ActiveCfg = Release|x64
		{45C5C088-9217-4C57-8DF8-B0C6F51962A1}.Debug|Any CPU.Build.0 = Release|x64
		{45C5C088-9217-4C57-8DF8-B0C6F51962A1}.Debug|x64.ActiveCfg = Debug|x64
		{45C5C088-9217-4C57-8DF8-B0C6F51962A1}.Debug|x64.Build.0 = Debug|x64
		{45C5C088-9217-4C57-8DF8-B0C6F51962A1}.Release|Any CPU.ActiveCfg = Release|x64
		{45C5C088-9217-4C57-8DF8-B0C6F51962A1}.Release|Any CPU.Build.0 = Release|x64
		{45C5C088-9217-4C57-8DF8-B0C6F51962A1}.Release|x64.ActiveCfg = Release|x64
		{45C5C088-9217-4C57-8DF8-B0C6F51962A1}.Release|x64.Build.0 = Release|x64
		{499EB63C-D74C-47E8-AE48-A2FC94538E9D}.Debug|Any CPU.ActiveCfg = Release|Any CPU
		{499EB63C-D74C-47E8-AE48-A2FC94538E9D}.Debug|Any CPU.Build.0 = Release|Any CPU
		{499EB63C-D74C-47E8-AE48-A2FC94538E9D}.Debug|x64.ActiveCfg = Debug|Any CPU
		{499EB63C-D74C-47E8-AE48-A2FC94538E9D}.Debug|x64.Build.0 = Debug|Any CPU
		{499EB63C-D74C-47E8-AE48-A2FC94538E9D}.Release|Any CPU.ActiveCfg = Release|Any CPU
		{499EB63C-D74C-47E8-AE48-A2FC94538E9D}.Release|Any CPU.Build.0 = Release|Any CPU
		{499EB63C-D74C-47E8-AE48-A2FC94538E9D}.Release|x64.ActiveCfg = Release|Any CPU
		{499EB63C-D74C-47E8-AE48-A2FC94538E9D}.Release|x64.Build.0 = Release|Any CPU
		{2E7159A3-492C-43CD-9833-7AA95A8FAF4C}.Debug|Any CPU.ActiveCfg = Release|Any CPU
		{2E7159A3-492C-43CD-9833-7AA95A8FAF4C}.Debug|Any CPU.Build.0 = Release|Any CPU
		{2E7159A3-492C-43CD-9833-7AA95A8FAF4C}.Debug|x64.ActiveCfg = Debug|Any CPU
		{2E7159A3-492C-43CD-9833-7AA95A8FAF4C}.Debug|x64.Build.0 = Debug|Any CPU
		{2E7159A3-492C-43CD-9833-7AA95A8FAF4C}.Release|Any CPU.ActiveCfg = Release|Any CPU
		{2E7159A3-492C-43CD-9833-7AA95A8FAF4C}.Release|Any CPU.Build.0 = Release|Any CPU
		{2E7159A3-492C-43CD-9833-7AA95A8FAF4C}.Release|x64.ActiveCfg = Release|Any CPU
		{2E7159A3-492C-43CD-9833-7AA95A8FAF4C}.Release|x64.Build.0 = Release|Any CPU
	EndGlobalSection
	GlobalSection(SolutionProperties) = preSolution
		HideSolutionNode = FALSE
	EndGlobalSection
EndGlobal
